
Microsoft Visual Studio Solution File, Format Version 12.00
Project("{FAE04EC0-301F-11D3-BF4B-00C04F79EFBC}") = "PumlPlanerTester", "PumlPlanerTester\PumlPlanerTester.csproj", "{6ECAE0F7-FBAE-49E2-896B-BD49AE0FD0C0}"
EndProject
Project("{FAE04EC0-301F-11D3-BF4B-00C04F79EFBC}") = "PumlPlaner", "PumlPlaner\PumlPlaner.csproj", "{3C57B5EF-B616-439C-92F5-918F4E9C8367}"
EndProject
Project("{FAE04EC0-301F-11D3-BF4B-00C04F79EFBC}") = "PumlSchemasManager", "PumlSchemasManager\PumlSchemasManager.csproj", "{D09EC4FD-1AA3-473E-A5AA-BD799FDDC180}"
EndProject
Project("{FAE04EC0-301F-11D3-BF4B-00C04F79EFBC}") = "PumlSchemasManagerTester", "PumlSchemasManagerTester\PumlSchemasManagerTester.csproj", "{0681D81A-1CDC-4020-9643-64D3D09833B0}"
EndProject
Project("{FAE04EC0-301F-11D3-BF4B-00C04F79EFBC}") = "PumlPlanerCli", "PumlPlanerCli\PumlPlanerCli.csproj", "{39C1115D-2AEF-44B2-9AE9-135681947A7D}"
EndProject
Global
	GlobalSection(SolutionConfigurationPlatforms) = preSolution
		Debug|Any CPU = Debug|Any CPU
		Release|Any CPU = Release|Any CPU
	EndGlobalSection
	GlobalSection(ProjectConfigurationPlatforms) = postSolution
		{6ECAE0F7-FBAE-49E2-896B-BD49AE0FD0C0}.Debug|Any CPU.ActiveCfg = Debug|Any CPU
		{6ECAE0F7-FBAE-49E2-896B-BD49AE0FD0C0}.Debug|Any CPU.Build.0 = Debug|Any CPU
		{6ECAE0F7-FBAE-49E2-896B-BD49AE0FD0C0}.Release|Any CPU.ActiveCfg = Release|Any CPU
		{6ECAE0F7-FBAE-49E2-896B-BD49AE0FD0C0}.Release|Any CPU.Build.0 = Release|Any CPU
		{3C57B5EF-B616-439C-92F5-918F4E9C8367}.Debug|Any CPU.ActiveCfg = Debug|Any CPU
		{3C57B5EF-B616-439C-92F5-918F4E9C8367}.Debug|Any CPU.Build.0 = Debug|Any CPU
		{3C57B5EF-B616-439C-92F5-918F4E9C8367}.Release|Any CPU.ActiveCfg = Release|Any CPU
		{3C57B5EF-B616-439C-92F5-918F4E9C8367}.Release|Any CPU.Build.0 = Release|Any CPU
		{D09EC4FD-1AA3-473E-A5AA-BD799FDDC180}.Debug|Any CPU.ActiveCfg = Debug|Any CPU
		{D09EC4FD-1AA3-473E-A5AA-BD799FDDC180}.Debug|Any CPU.Build.0 = Debug|Any CPU
		{D09EC4FD-1AA3-473E-A5AA-BD799FDDC180}.Release|Any CPU.ActiveCfg = Release|Any CPU
		{D09EC4FD-1AA3-473E-A5AA-BD799FDDC180}.Release|Any CPU.Build.0 = Release|Any CPU
		{0681D81A-1CDC-4020-9643-64D3D09833B0}.Debug|Any CPU.ActiveCfg = Debug|Any CPU
		{0681D81A-1CDC-4020-9643-64D3D09833B0}.Debug|Any CPU.Build.0 = Debug|Any CPU
		{0681D81A-1CDC-4020-9643-64D3D09833B0}.Release|Any CPU.ActiveCfg = Release|Any CPU
		{0681D81A-1CDC-4020-9643-64D3D09833B0}.Release|Any CPU.Build.0 = Release|Any CPU
		{39C1115D-2AEF-44B2-9AE9-135681947A7D}.Debug|Any CPU.ActiveCfg = Debug|Any CPU
		{39C1115D-2AEF-44B2-9AE9-135681947A7D}.Debug|Any CPU.Build.0 = Debug|Any CPU
		{39C1115D-2AEF-44B2-9AE9-135681947A7D}.Release|Any CPU.ActiveCfg = Release|Any CPU
		{39C1115D-2AEF-44B2-9AE9-135681947A7D}.Release|Any CPU.Build.0 = Release|Any CPU
	EndGlobalSection
EndGlobal
